
Microsoft Visual Studio Solution File, Format Version 12.00
# Visual Studio Version 17
VisualStudioVersion = 17.0.31903.59
MinimumVisualStudioVersion = 10.0.40219.1
Project("{9A19103F-16F7-4668-BE54-9A1E7A4F7556}") = "CursoMVC5", "CursoMVC5\CursoMVC5.csproj", "{AF2406F2-9E35-4370-9017-944BE6C31FAB}"
EndProject
Project("{9A19103F-16F7-4668-BE54-9A1E7A4F7556}") = "CursoAPI", "CursoAPI\CursoAPI.csproj", "{2F8E7ED0-F763-4306-96C5-1C019F833DC1}"
EndProject
Project("{FAE04EC0-301F-11D3-BF4B-00C04F79EFBC}") = "CursoTest", "CursoTest\CursoTest.csproj", "{DA868BA5-041B-46BD-A9CD-5DAB9FD859D3}"
EndProject
Global
	GlobalSection(SolutionConfigurationPlatforms) = preSolution
		Debug|Any CPU = Debug|Any CPU
		Release|Any CPU = Release|Any CPU
	EndGlobalSection
	GlobalSection(ProjectConfigurationPlatforms) = postSolution
		{AF2406F2-9E35-4370-9017-944BE6C31FAB}.Debug|Any CPU.ActiveCfg = Debug|Any CPU
		{AF2406F2-9E35-4370-9017-944BE6C31FAB}.Debug|Any CPU.Build.0 = Debug|Any CPU
		{AF2406F2-9E35-4370-9017-944BE6C31FAB}.Release|Any CPU.ActiveCfg = Release|Any CPU
		{AF2406F2-9E35-4370-9017-944BE6C31FAB}.Release|Any CPU.Build.0 = Release|Any CPU
		{2F8E7ED0-F763-4306-96C5-1C019F833DC1}.Debug|Any CPU.ActiveCfg = Debug|Any CPU
		{2F8E7ED0-F763-4306-96C5-1C019F833DC1}.Debug|Any CPU.Build.0 = Debug|Any CPU
		{2F8E7ED0-F763-4306-96C5-1C019F833DC1}.Release|Any CPU.ActiveCfg = Release|Any CPU
		{2F8E7ED0-F763-4306-96C5-1C019F833DC1}.Release|Any CPU.Build.0 = Release|Any CPU
		{DA868BA5-041B-46BD-A9CD-5DAB9FD859D3}.Debug|Any CPU.ActiveCfg = Debug|Any CPU
		{DA868BA5-041B-46BD-A9CD-5DAB9FD859D3}.Debug|Any CPU.Build.0 = Debug|Any CPU
		{DA868BA5-041B-46BD-A9CD-5DAB9FD859D3}.Release|Any CPU.ActiveCfg = Release|Any CPU
		{DA868BA5-041B-46BD-A9CD-5DAB9FD859D3}.Release|Any CPU.Build.0 = Release|Any CPU
	EndGlobalSection
	GlobalSection(SolutionProperties) = preSolution
		HideSolutionNode = FALSE
	EndGlobalSection
	GlobalSection(ExtensibilityGlobals) = postSolution
		SolutionGuid = {3B7D6F0F-D5B9-4967-9810-6BB06AF42F55}
	EndGlobalSection
EndGlobal
